
Microsoft Visual Studio Solution File, Format Version 12.00
# Visual Studio Version 17
VisualStudioVersion = 17.6.33815.320
MinimumVisualStudioVersion = 10.0.40219.1
Project("{FAE04EC0-301F-11D3-BF4B-00C04F79EFBC}") = "SahaflarPazari", "SahaflarPazari\SahaflarPazari.csproj", "{3D44E9E7-FBF4-402B-A61F-21D70CC2964B}"
EndProject
Project("{FAE04EC0-301F-11D3-BF4B-00C04F79EFBC}") = "Domain", "Domain\Domain.csproj", "{A4A87DB5-1AAA-4717-993B-B9E3A36B4908}"
EndProject
Project("{FAE04EC0-301F-11D3-BF4B-00C04F79EFBC}") = "Infrastructure", "Infrastructure\Infrastructure.csproj", "{836919C8-E20D-437F-8067-72B178B3C45E}"
EndProject
Project("{FAE04EC0-301F-11D3-BF4B-00C04F79EFBC}") = "Application", "Application\Application.csproj", "{5DF3F40A-F836-49D5-8192-4D4DC4EB6F91}"
EndProject
Global
	GlobalSection(SolutionConfigurationPlatforms) = preSolution
		Debug|Any CPU = Debug|Any CPU
		Release|Any CPU = Release|Any CPU
	EndGlobalSection
	GlobalSection(ProjectConfigurationPlatforms) = postSolution
		{3D44E9E7-FBF4-402B-A61F-21D70CC2964B}.Debug|Any CPU.ActiveCfg = Debug|Any CPU
		{3D44E9E7-FBF4-402B-A61F-21D70CC2964B}.Debug|Any CPU.Build.0 = Debug|Any CPU
		{3D44E9E7-FBF4-402B-A61F-21D70CC2964B}.Release|Any CPU.ActiveCfg = Release|Any CPU
		{3D44E9E7-FBF4-402B-A61F-21D70CC2964B}.Release|Any CPU.Build.0 = Release|Any CPU
		{A4A87DB5-1AAA-4717-993B-B9E3A36B4908}.Debug|Any CPU.ActiveCfg = Debug|Any CPU
		{A4A87DB5-1AAA-4717-993B-B9E3A36B4908}.Debug|Any CPU.Build.0 = Debug|Any CPU
		{A4A87DB5-1AAA-4717-993B-B9E3A36B4908}.Release|Any CPU.ActiveCfg = Release|Any CPU
		{A4A87DB5-1AAA-4717-993B-B9E3A36B4908}.Release|Any CPU.Build.0 = Release|Any CPU
		{836919C8-E20D-437F-8067-72B178B3C45E}.Debug|Any CPU.ActiveCfg = Debug|Any CPU
		{836919C8-E20D-437F-8067-72B178B3C45E}.Debug|Any CPU.Build.0 = Debug|Any CPU
		{836919C8-E20D-437F-8067-72B178B3C45E}.Release|Any CPU.ActiveCfg = Release|Any CPU
		{836919C8-E20D-437F-8067-72B178B3C45E}.Release|Any CPU.Build.0 = Release|Any CPU
		{5DF3F40A-F836-49D5-8192-4D4DC4EB6F91}.Debug|Any CPU.ActiveCfg = Debug|Any CPU
		{5DF3F40A-F836-49D5-8192-4D4DC4EB6F91}.Debug|Any CPU.Build.0 = Debug|Any CPU
		{5DF3F40A-F836-49D5-8192-4D4DC4EB6F91}.Release|Any CPU.ActiveCfg = Release|Any CPU
		{5DF3F40A-F836-49D5-8192-4D4DC4EB6F91}.Release|Any CPU.Build.0 = Release|Any CPU
	EndGlobalSection
	GlobalSection(SolutionProperties) = preSolution
		HideSolutionNode = FALSE
	EndGlobalSection
	GlobalSection(ExtensibilityGlobals) = postSolution
		SolutionGuid = {14C44A79-D769-4F84-9CB8-6A8186F7DA13}
	EndGlobalSection
EndGlobal
